
Microsoft Visual Studio Solution File, Format Version 12.00
# Visual Studio Version 16
VisualStudioVersion = 16.0.28803.452
MinimumVisualStudioVersion = 10.0.40219.1
Project("{FAE04EC0-301F-11D3-BF4B-00C04F79EFBC}") = "asdmNumbers", "asdmNumbers.csproj", "{22C88717-3FAB-4674-A44C-F05564511A24}"
EndProject
Global
	GlobalSection(SolutionConfigurationPlatforms) = preSolution
		Debug|Any CPU = Debug|Any CPU
		Release|Any CPU = Release|Any CPU
	EndGlobalSection
	GlobalSection(ProjectConfigurationPlatforms) = postSolution
		{22C88717-3FAB-4674-A44C-F05564511A24}.Debug|Any CPU.ActiveCfg = Debug|Any CPU
		{22C88717-3FAB-4674-A44C-F05564511A24}.Debug|Any CPU.Build.0 = Debug|Any CPU
		{22C88717-3FAB-4674-A44C-F05564511A24}.Release|Any CPU.ActiveCfg = Release|Any CPU
		{22C88717-3FAB-4674-A44C-F05564511A24}.Release|Any CPU.Build.0 = Release|Any CPU
	EndGlobalSection
	GlobalSection(SolutionProperties) = preSolution
		HideSolutionNode = FALSE
	EndGlobalSection
	GlobalSection(ExtensibilityGlobals) = postSolution
		SolutionGuid = {CF5EEBE0-709D-41BF-B6B0-D10D7BF0407E}
	EndGlobalSection
EndGlobal
